
Microsoft Visual Studio Solution File, Format Version 12.00
# Visual Studio Version 17
VisualStudioVersion = 17.9.34616.47
MinimumVisualStudioVersion = 10.0.40219.1
Project("{9A19103F-16F7-4668-BE54-9A1E7A4F7556}") = "Midterm_Assignment1_Login", "Midterm_Assignment1_Login.csproj", "{0F41419F-9F18-4497-8AAE-C9C4FECBE3EC}"
EndProject
Project("{2150E333-8FDC-42A3-9474-1A3956D46DE8}") = "Solution Items", "Solution Items", "{38AAE602-6129-4D58-90FA-FDD272D7D642}"
EndProject
Global
	GlobalSection(SolutionConfigurationPlatforms) = preSolution
		Debug|Any CPU = Debug|Any CPU
		Release|Any CPU = Release|Any CPU
	EndGlobalSection
	GlobalSection(ProjectConfigurationPlatforms) = postSolution
		{0F41419F-9F18-4497-8AAE-C9C4FECBE3EC}.Debug|Any CPU.ActiveCfg = Debug|Any CPU
		{0F41419F-9F18-4497-8AAE-C9C4FECBE3EC}.Debug|Any CPU.Build.0 = Debug|Any CPU
		{0F41419F-9F18-4497-8AAE-C9C4FECBE3EC}.Release|Any CPU.ActiveCfg = Release|Any CPU
		{0F41419F-9F18-4497-8AAE-C9C4FECBE3EC}.Release|Any CPU.Build.0 = Release|Any CPU
	EndGlobalSection
	GlobalSection(SolutionProperties) = preSolution
		HideSolutionNode = FALSE
	EndGlobalSection
	GlobalSection(ExtensibilityGlobals) = postSolution
		SolutionGuid = {A47B0E0B-3E89-41EF-A2B2-CC9575226356}
	EndGlobalSection
EndGlobal
